
Microsoft Visual Studio Solution File, Format Version 12.00
# Visual Studio Version 17
VisualStudioVersion = 17.2.32602.215
MinimumVisualStudioVersion = 10.0.40219.1
Project("{FAE04EC0-301F-11D3-BF4B-00C04F79EFBC}") = "Timer", "Timer\Timer.csproj", "{FBE042E5-6139-4D0C-9B66-B2AEA2C103F0}"
EndProject
Global
	GlobalSection(SolutionConfigurationPlatforms) = preSolution
		Debug|Any CPU = Debug|Any CPU
		Release|Any CPU = Release|Any CPU
	EndGlobalSection
	GlobalSection(ProjectConfigurationPlatforms) = postSolution
		{FBE042E5-6139-4D0C-9B66-B2AEA2C103F0}.Debug|Any CPU.ActiveCfg = Debug|Any CPU
		{FBE042E5-6139-4D0C-9B66-B2AEA2C103F0}.Debug|Any CPU.Build.0 = Debug|Any CPU
		{FBE042E5-6139-4D0C-9B66-B2AEA2C103F0}.Release|Any CPU.ActiveCfg = Release|Any CPU
		{FBE042E5-6139-4D0C-9B66-B2AEA2C103F0}.Release|Any CPU.Build.0 = Release|Any CPU
	EndGlobalSection
	GlobalSection(SolutionProperties) = preSolution
		HideSolutionNode = FALSE
	EndGlobalSection
	GlobalSection(ExtensibilityGlobals) = postSolution
		SolutionGuid = {B5079C74-4A8C-4FDA-9046-4D8B2E0332A2}
	EndGlobalSection
EndGlobal
